{
  "name": "browser-wolfar",
  "version": "1.0.0",
  "lockfileVersion": 1,
  "requires": true,
  "dependencies": {
    "ar.js": {
      "version": "1.4.10",
      "resolved": "https://registry.npmjs.org/ar.js/-/ar.js-1.4.10.tgz",
      "integrity": "sha1-NbsAkXrrAkvxZm2Xc3G8cGFr9xA="
    },
    "three": {
      "version": "0.95.0",
      "resolved": "https://registry.npmjs.org/three/-/three-0.95.0.tgz",
      "integrity": "sha512-vy6jMYs7CDwn47CejYHNi+++OdQue7xGIBhbLfekQ/G6MDxKRm0QB0/xWScz46/JvQAvF6pJAS5Q907l0i5iQA=="
    }
  }
}
